lockfileVersion: '9.0'

settings:
  autoInstallPeers: true
  excludeLinksFromLockfile: false

importers:

  .:
    dependencies:
      astronomy-engine:
        specifier: ^2.1.19
        version: 2.1.19
      cantian-tymext:
        specifier: ^0.0.26
        version: 0.0.26(date-fns@4.4.0)
      iztro:
        specifier: ^2.4.6
        version: 2.6.0
      lunar-typescript:
        specifier: ^1.8.6
        version: 1.8.6

packages:

  '@babel/runtime@7.29.7':
    resolution: {integrity: sha512-Nq8OhGWiZIZGV6hLHoyAKLLcJihP/xFeBMGJoUrxTX2psI8dCifzLhZISFb+VWS3wFMRDmCGw5R+dOySCqPLhw==}
    engines: {node: '>=6.9.0'}

  astronomy-engine@2.1.19:
    resolution: {integrity: sha512-8yWKNf7UeNbH458h3sAJ6ZgAjE5jTXp/mNNRFoC20j2SHwZIjAQeEsBB2Q3uCFRaTCCJRv33K2XhkhZQMXoX6w==}

  cantian-tymext@0.0.26:
    resolution: {integrity: sha512-OP2BXRj0Ge+9cNBlaf3u9NpmwYSeHGwdNqTb4+A/1DOlW3UsHVOIBtksBG6iNkE0aM1c2UqYugKeRhaKfnZCYQ==}

  date-fns-tz@3.2.0:
    resolution: {integrity: sha512-sg8HqoTEulcbbbVXeg84u5UnlsQa8GS5QXMqjjYIhS4abEVVKIUwe0/l/UhrZdKaL/W5eWZNlbTeEIiOXTcsBQ==}
    peerDependencies:
      date-fns: ^3.0.0 || ^4.0.0

  date-fns@4.4.0:
    resolution: {integrity: sha512-+1UMbeh68lH1SegH83CGWwpb6OHHbpSgr3+s5Eww5M4CAgswBpoWS0AjTOfEJ33HiYKz1hdj/KTFprzXHmq/6w==}

  dayjs@1.11.23:
    resolution: {integrity: sha512-QDTCU0M0MxR3hQfnlDJfwekQiaanm1ubOD231u73WBckQ/fsamwRLiE2GBz6D3a/xF1NgfiDLJjXBa1hYOYTtQ==}

  i18next@23.16.8:
    resolution: {integrity: sha512-06r/TitrM88Mg5FdUXAKL96dJMzgqLE5dv3ryBAra4KCwD9mJ4ndOTS95ZuymIGoE+2hzfdaMak2X11/es7ZWg==}

  iztro@2.6.0:
    resolution: {integrity: sha512-0zN7j+z2UX642yEbraFNILRU+hA5hl1SdTHvyopq0CK68hS1wSxL2zLkStCh6EeEwR+NO0j18amDmpB6bwortg==}

  lunar-lite@0.2.8:
    resolution: {integrity: sha512-Y4tba4RaIFI0ikImJhgoEsyqtDE64lJIM3yFwRX01dbmagCDq7rNmpDQFrSFFy4WXeuywdRVFpIBoT1GGCEizw==}

  lunar-typescript@1.8.6:
    resolution: {integrity: sha512-5Eo4T/cnuXfrgO4k5LCpOGHIUOuz5hCF/IfNv0T29WY2shR36Hiz+ecN9WjnUuxUKhql9gbOkPaQoqLFKtPRNA==}

  tyme4ts@1.5.2:
    resolution: {integrity: sha512-vVAjUv1ieXleS7hCOgjAoHaZ0BdNJIza0uDOhXNpndegqWQh9ytKMR0fjkG869yqLtpXAHnzNSouBg28nrIaAg==}

snapshots:

  '@babel/runtime@7.29.7': {}

  astronomy-engine@2.1.19: {}

  cantian-tymext@0.0.26(date-fns@4.4.0):
    dependencies:
      date-fns-tz: 3.2.0(date-fns@4.4.0)
      dayjs: 1.11.23
      tyme4ts: 1.5.2
    transitivePeerDependencies:
      - date-fns

  date-fns-tz@3.2.0(date-fns@4.4.0):
    dependencies:
      date-fns: 4.4.0

  date-fns@4.4.0: {}

  dayjs@1.11.23: {}

  i18next@23.16.8:
    dependencies:
      '@babel/runtime': 7.29.7

  iztro@2.6.0:
    dependencies:
      dayjs: 1.11.23
      i18next: 23.16.8
      lunar-lite: 0.2.8
      lunar-typescript: 1.8.6

  lunar-lite@0.2.8:
    dependencies:
      lunar-typescript: 1.8.6

  lunar-typescript@1.8.6: {}

  tyme4ts@1.5.2: {}
